
Microsoft Visual Studio Solution File, Format Version 12.00
# Visual Studio Version 16
VisualStudioVersion = 16.0.29827.131
MinimumVisualStudioVersion = 10.0.40219.1
Project("{FAE04EC0-301F-11D3-BF4B-00C04F79EFBC}") = "DeliveryIt", "DeliveryIt\DeliveryIt.csproj", "{DA70503D-9A49-4457-84AF-DDF9E556B33A}"
EndProject
Global
	GlobalSection(SolutionConfigurationPlatforms) = preSolution
		Debug|Any CPU = Debug|Any CPU
		Release|Any CPU = Release|Any CPU
	EndGlobalSection
	GlobalSection(ProjectConfigurationPlatforms) = postSolution
		{DA70503D-9A49-4457-84AF-DDF9E556B33A}.Debug|Any CPU.ActiveCfg = Debug|Any CPU
		{DA70503D-9A49-4457-84AF-DDF9E556B33A}.Debug|Any CPU.Build.0 = Debug|Any CPU
		{DA70503D-9A49-4457-84AF-DDF9E556B33A}.Release|Any CPU.ActiveCfg = Release|Any CPU
		{DA70503D-9A49-4457-84AF-DDF9E556B33A}.Release|Any CPU.Build.0 = Release|Any CPU
	EndGlobalSection
	GlobalSection(SolutionProperties) = preSolution
		HideSolutionNode = FALSE
	EndGlobalSection
	GlobalSection(ExtensibilityGlobals) = postSolution
		SolutionGuid = {4C9EB488-7C37-4803-9BA4-413B2F02F6B9}
	EndGlobalSection
EndGlobal
