
Microsoft Visual Studio Solution File, Format Version 12.00
# Visual Studio Version 16
VisualStudioVersion = 16.0.29827.131
MinimumVisualStudioVersion = 10.0.40219.1
Project("{2150E333-8FDC-42A3-9474-1A3956D46DE8}") = "Tests", "Tests", "{066BE165-FAB1-440D-B8D0-486742211B22}"
EndProject
Project("{FAE04EC0-301F-11D3-BF4B-00C04F79EFBC}") = "DeliverIt.Tests", "DeliverIt.Tests\DeliverIt.Tests.csproj", "{D6F902B5-A0D0-4672-893A-1DC5E59A9C2F}"
EndProject
Project("{2150E333-8FDC-42A3-9474-1A3956D46DE8}") = "Source", "Source", "{1EE0847F-89F3-4866-9707-AF868D002988}"
EndProject
Project("{FAE04EC0-301F-11D3-BF4B-00C04F79EFBC}") = "DeliveryIt", "DeliveryIt\DeliveryIt.csproj", "{9B24B177-BC31-4CC5-A7DF-BA05B9F20900}"
EndProject
Global
	GlobalSection(SolutionConfigurationPlatforms) = preSolution
		Debug|Any CPU = Debug|Any CPU
		Release|Any CPU = Release|Any CPU
	EndGlobalSection
	GlobalSection(ProjectConfigurationPlatforms) = postSolution
		{D6F902B5-A0D0-4672-893A-1DC5E59A9C2F}.Debug|Any CPU.ActiveCfg = Debug|Any CPU
		{D6F902B5-A0D0-4672-893A-1DC5E59A9C2F}.Debug|Any CPU.Build.0 = Debug|Any CPU
		{D6F902B5-A0D0-4672-893A-1DC5E59A9C2F}.Release|Any CPU.ActiveCfg = Release|Any CPU
		{D6F902B5-A0D0-4672-893A-1DC5E59A9C2F}.Release|Any CPU.Build.0 = Release|Any CPU
		{9B24B177-BC31-4CC5-A7DF-BA05B9F20900}.Debug|Any CPU.ActiveCfg = Debug|Any CPU
		{9B24B177-BC31-4CC5-A7DF-BA05B9F20900}.Debug|Any CPU.Build.0 = Debug|Any CPU
		{9B24B177-BC31-4CC5-A7DF-BA05B9F20900}.Release|Any CPU.ActiveCfg = Release|Any CPU
		{9B24B177-BC31-4CC5-A7DF-BA05B9F20900}.Release|Any CPU.Build.0 = Release|Any CPU
	EndGlobalSection
	GlobalSection(SolutionProperties) = preSolution
		HideSolutionNode = FALSE
	EndGlobalSection
	GlobalSection(NestedProjects) = preSolution
		{D6F902B5-A0D0-4672-893A-1DC5E59A9C2F} = {066BE165-FAB1-440D-B8D0-486742211B22}
		{9B24B177-BC31-4CC5-A7DF-BA05B9F20900} = {1EE0847F-89F3-4866-9707-AF868D002988}
	EndGlobalSection
	GlobalSection(ExtensibilityGlobals) = postSolution
		SolutionGuid = {4C9EB488-7C37-4803-9BA4-413B2F02F6B9}
	EndGlobalSection
EndGlobal
